
Microsoft Visual Studio Solution File, Format Version 12.00
# Visual Studio Version 16
VisualStudioVersion = 16.0.29728.190
MinimumVisualStudioVersion = 10.0.40219.1
Project("{8BC9CEB8-8B4A-11D0-8D11-00A0C91BC942}") = "TextAnalog", "TextAnalog\TextAnalog.vcxproj", "{AEB80FF7-2803-4C83-837F-B12F7ADA51B9}"
EndProject
Global
	GlobalSection(SolutionConfigurationPlatforms) = preSolution
		Debug|x64 = Debug|x64
		Debug|x86 = Debug|x86
		Release|x64 = Release|x64
		Release|x86 = Release|x86
	EndGlobalSection
	GlobalSection(ProjectConfigurationPlatforms) = postSolution
		{AEB80FF7-2803-4C83-837F-B12F7ADA51B9}.Debug|x64.ActiveCfg = Debug|x64
		{AEB80FF7-2803-4C83-837F-B12F7ADA51B9}.Debug|x64.Build.0 = Debug|x64
		{AEB80FF7-2803-4C83-837F-B12F7ADA51B9}.Debug|x86.ActiveCfg = Debug|Win32
		{AEB80FF7-2803-4C83-837F-B12F7ADA51B9}.Debug|x86.Build.0 = Debug|Win32
		{AEB80FF7-2803-4C83-837F-B12F7ADA51B9}.Release|x64.ActiveCfg = Release|x64
		{AEB80FF7-2803-4C83-837F-B12F7ADA51B9}.Release|x64.Build.0 = Release|x64
		{AEB80FF7-2803-4C83-837F-B12F7ADA51B9}.Release|x86.ActiveCfg = Release|Win32
		{AEB80FF7-2803-4C83-837F-B12F7ADA51B9}.Release|x86.Build.0 = Release|Win32
	EndGlobalSection
	GlobalSection(SolutionProperties) = preSolution
		HideSolutionNode = FALSE
	EndGlobalSection
	GlobalSection(ExtensibilityGlobals) = postSolution
		SolutionGuid = {26C3A59F-DB7C-4DA6-84BA-23D6794C2631}
	EndGlobalSection
EndGlobal
