
Microsoft Visual Studio Solution File, Format Version 12.00
# Visual Studio Version 16
VisualStudioVersion = 16.0.29728.190
MinimumVisualStudioVersion = 10.0.40219.1
Project("{8BC9CEB8-8B4A-11D0-8D11-00A0C91BC942}") = "3", "3\3.vcxproj", "{F5DF241A-362B-4DCA-A5A4-9DE21D23CAEF}"
EndProject
Project("{8BC9CEB8-8B4A-11D0-8D11-00A0C91BC942}") = "15", "..\..\15\15.vcxproj", "{0EDCA2C6-A5E4-49A1-9C0E-1085BEABA215}"
EndProject
Project("{8BC9CEB8-8B4A-11D0-8D11-00A0C91BC942}") = "23", "..\..\23\23.vcxproj", "{DA10B215-42FC-47FA-B09D-13760AD46F4D}"
EndProject
Project("{8BC9CEB8-8B4A-11D0-8D11-00A0C91BC942}") = "2_super", "..\..\2_super\2_super.vcxproj", "{C73EC692-2BB6-4276-9079-EAE5CB8DD6E0}"
EndProject
Global
	GlobalSection(SolutionConfigurationPlatforms) = preSolution
		Debug|x64 = Debug|x64
		Debug|x86 = Debug|x86
		Release|x64 = Release|x64
		Release|x86 = Release|x86
	EndGlobalSection
	GlobalSection(ProjectConfigurationPlatforms) = postSolution
		{F5DF241A-362B-4DCA-A5A4-9DE21D23CAEF}.Debug|x64.ActiveCfg = Debug|x64
		{F5DF241A-362B-4DCA-A5A4-9DE21D23CAEF}.Debug|x64.Build.0 = Debug|x64
		{F5DF241A-362B-4DCA-A5A4-9DE21D23CAEF}.Debug|x86.ActiveCfg = Debug|Win32
		{F5DF241A-362B-4DCA-A5A4-9DE21D23CAEF}.Debug|x86.Build.0 = Debug|Win32
		{F5DF241A-362B-4DCA-A5A4-9DE21D23CAEF}.Release|x64.ActiveCfg = Release|x64
		{F5DF241A-362B-4DCA-A5A4-9DE21D23CAEF}.Release|x64.Build.0 = Release|x64
		{F5DF241A-362B-4DCA-A5A4-9DE21D23CAEF}.Release|x86.ActiveCfg = Release|Win32
		{F5DF241A-362B-4DCA-A5A4-9DE21D23CAEF}.Release|x86.Build.0 = Release|Win32
		{0EDCA2C6-A5E4-49A1-9C0E-1085BEABA215}.Debug|x64.ActiveCfg = Debug|x64
		{0EDCA2C6-A5E4-49A1-9C0E-1085BEABA215}.Debug|x64.Build.0 = Debug|x64
		{0EDCA2C6-A5E4-49A1-9C0E-1085BEABA215}.Debug|x86.ActiveCfg = Debug|Win32
		{0EDCA2C6-A5E4-49A1-9C0E-1085BEABA215}.Debug|x86.Build.0 = Debug|Win32
		{0EDCA2C6-A5E4-49A1-9C0E-1085BEABA215}.Release|x64.ActiveCfg = Release|x64
		{0EDCA2C6-A5E4-49A1-9C0E-1085BEABA215}.Release|x64.Build.0 = Release|x64
		{0EDCA2C6-A5E4-49A1-9C0E-1085BEABA215}.Release|x86.ActiveCfg = Release|Win32
		{0EDCA2C6-A5E4-49A1-9C0E-1085BEABA215}.Release|x86.Build.0 = Release|Win32
		{DA10B215-42FC-47FA-B09D-13760AD46F4D}.Debug|x64.ActiveCfg = Debug|x64
		{DA10B215-42FC-47FA-B09D-13760AD46F4D}.Debug|x64.Build.0 = Debug|x64
		{DA10B215-42FC-47FA-B09D-13760AD46F4D}.Debug|x86.ActiveCfg = Debug|Win32
		{DA10B215-42FC-47FA-B09D-13760AD46F4D}.Debug|x86.Build.0 = Debug|Win32
		{DA10B215-42FC-47FA-B09D-13760AD46F4D}.Release|x64.ActiveCfg = Release|x64
		{DA10B215-42FC-47FA-B09D-13760AD46F4D}.Release|x64.Build.0 = Release|x64
		{DA10B215-42FC-47FA-B09D-13760AD46F4D}.Release|x86.ActiveCfg = Release|Win32
		{DA10B215-42FC-47FA-B09D-13760AD46F4D}.Release|x86.Build.0 = Release|Win32
		{C73EC692-2BB6-4276-9079-EAE5CB8DD6E0}.Debug|x64.ActiveCfg = Debug|x64
		{C73EC692-2BB6-4276-9079-EAE5CB8DD6E0}.Debug|x64.Build.0 = Debug|x64
		{C73EC692-2BB6-4276-9079-EAE5CB8DD6E0}.Debug|x86.ActiveCfg = Debug|Win32
		{C73EC692-2BB6-4276-9079-EAE5CB8DD6E0}.Debug|x86.Build.0 = Debug|Win32
		{C73EC692-2BB6-4276-9079-EAE5CB8DD6E0}.Release|x64.ActiveCfg = Release|x64
		{C73EC692-2BB6-4276-9079-EAE5CB8DD6E0}.Release|x64.Build.0 = Release|x64
		{C73EC692-2BB6-4276-9079-EAE5CB8DD6E0}.Release|x86.ActiveCfg = Release|Win32
		{C73EC692-2BB6-4276-9079-EAE5CB8DD6E0}.Release|x86.Build.0 = Release|Win32
	EndGlobalSection
	GlobalSection(SolutionProperties) = preSolution
		HideSolutionNode = FALSE
	EndGlobalSection
	GlobalSection(ExtensibilityGlobals) = postSolution
		SolutionGuid = {2E5FBFD3-A53F-4A8A-B172-FE9B61B84F71}
	EndGlobalSection
EndGlobal
